
Microsoft Visual Studio Solution File, Format Version 12.00
# Visual Studio Version 16
VisualStudioVersion = 16.0.29709.97
MinimumVisualStudioVersion = 10.0.40219.1
Project("{FAE04EC0-301F-11D3-BF4B-00C04F79EFBC}") = "ShopApp.DataAccess", "ShopApp.DataAccess\ShopApp.DataAccess.csproj", "{248C0707-64FD-4CB8-A496-373A762A17A7}"
EndProject
Project("{FAE04EC0-301F-11D3-BF4B-00C04F79EFBC}") = "ShopApp.Entities", "ShopApp.Entities\ShopApp.Entities.csproj", "{B5BC597B-D99E-4A12-845E-2C93F98CAFDD}"
EndProject
Project("{FAE04EC0-301F-11D3-BF4B-00C04F79EFBC}") = "ShopApp.Business", "ShopApp.Business\ShopApp.Business.csproj", "{FD487946-9D29-4A3F-AD0F-82309E0CEF42}"
EndProject
Project("{FAE04EC0-301F-11D3-BF4B-00C04F79EFBC}") = "ShopApp.WebUI", "ShopApp.WebUI\ShopApp.WebUI.csproj", "{6083EA06-47B6-4051-871A-71F441A9FCC4}"
EndProject
Project("{FAE04EC0-301F-11D3-BF4B-00C04F79EFBC}") = "ShopApp.Core", "ShopApp.Core\ShopApp.Core.csproj", "{E438B55B-01F4-419F-97B7-0DB02F7825E2}"
EndProject
Global
	GlobalSection(SolutionConfigurationPlatforms) = preSolution
		Debug|Any CPU = Debug|Any CPU
		Release|Any CPU = Release|Any CPU
	EndGlobalSection
	GlobalSection(ProjectConfigurationPlatforms) = postSolution
		{248C0707-64FD-4CB8-A496-373A762A17A7}.Debug|Any CPU.ActiveCfg = Debug|Any CPU
		{248C0707-64FD-4CB8-A496-373A762A17A7}.Debug|Any CPU.Build.0 = Debug|Any CPU
		{248C0707-64FD-4CB8-A496-373A762A17A7}.Release|Any CPU.ActiveCfg = Release|Any CPU
		{248C0707-64FD-4CB8-A496-373A762A17A7}.Release|Any CPU.Build.0 = Release|Any CPU
		{B5BC597B-D99E-4A12-845E-2C93F98CAFDD}.Debug|Any CPU.ActiveCfg = Debug|Any CPU
		{B5BC597B-D99E-4A12-845E-2C93F98CAFDD}.Debug|Any CPU.Build.0 = Debug|Any CPU
		{B5BC597B-D99E-4A12-845E-2C93F98CAFDD}.Release|Any CPU.ActiveCfg = Release|Any CPU
		{B5BC597B-D99E-4A12-845E-2C93F98CAFDD}.Release|Any CPU.Build.0 = Release|Any CPU
		{FD487946-9D29-4A3F-AD0F-82309E0CEF42}.Debug|Any CPU.ActiveCfg = Debug|Any CPU
		{FD487946-9D29-4A3F-AD0F-82309E0CEF42}.Debug|Any CPU.Build.0 = Debug|Any CPU
		{FD487946-9D29-4A3F-AD0F-82309E0CEF42}.Release|Any CPU.ActiveCfg = Release|Any CPU
		{FD487946-9D29-4A3F-AD0F-82309E0CEF42}.Release|Any CPU.Build.0 = Release|Any CPU
		{6083EA06-47B6-4051-871A-71F441A9FCC4}.Debug|Any CPU.ActiveCfg = Debug|Any CPU
		{6083EA06-47B6-4051-871A-71F441A9FCC4}.Debug|Any CPU.Build.0 = Debug|Any CPU
		{6083EA06-47B6-4051-871A-71F441A9FCC4}.Release|Any CPU.ActiveCfg = Release|Any CPU
		{6083EA06-47B6-4051-871A-71F441A9FCC4}.Release|Any CPU.Build.0 = Release|Any CPU
		{E438B55B-01F4-419F-97B7-0DB02F7825E2}.Debug|Any CPU.ActiveCfg = Debug|Any CPU
		{E438B55B-01F4-419F-97B7-0DB02F7825E2}.Debug|Any CPU.Build.0 = Debug|Any CPU
		{E438B55B-01F4-419F-97B7-0DB02F7825E2}.Release|Any CPU.ActiveCfg = Release|Any CPU
		{E438B55B-01F4-419F-97B7-0DB02F7825E2}.Release|Any CPU.Build.0 = Release|Any CPU
	EndGlobalSection
	GlobalSection(SolutionProperties) = preSolution
		HideSolutionNode = FALSE
	EndGlobalSection
	GlobalSection(ExtensibilityGlobals) = postSolution
		SolutionGuid = {C1268281-1C5E-4C06-8B94-AA29F09B76D5}
	EndGlobalSection
EndGlobal
